// !$*UTF8*$!
{
	archiveVersion = 1;
	classes = {
	};
	objectVersion = 46;
	objects = {

/* Begin PBXBuildFile section */
		5912A5C319BD45E50045CA9F /* NVTest.m in Sources */ = {isa = PBXBuildFile; fileRef = 5912A5C219BD45E50045CA9F /* NVTest.m */; };
		59C8893919BD07F100447377 /* Foundation.framework in Frameworks */ = {isa = PBXBuildFile; fileRef = 59C8893819BD07F100447377 /* Foundation.framework */; };
		59C8893B19BD07F100447377 /* CoreGraphics.framework in Frameworks */ = {isa = PBXBuildFile; fileRef = 59C8893A19BD07F100447377 /* CoreGraphics.framework */; };
		59C8893D19BD07F100447377 /* UIKit.framework in Frameworks */ = {isa = PBXBuildFile; fileRef = 59C8893C19BD07F100447377 /* UIKit.framework */; };
		59C8894319BD07F100447377 /* InfoPlist.strings in Resources */ = {isa = PBXBuildFile; fileRef = 59C8894119BD07F100447377 /* InfoPlist.strings */; };
		59C8894519BD07F100447377 /* main.m in Sources */ = {isa = PBXBuildFile; fileRef = 59C8894419BD07F100447377 /* main.m */; };
		59C8894919BD07F100447377 /* NVAppDelegate.m in Sources */ = {isa = PBXBuildFile; fileRef = 59C8894819BD07F100447377 /* NVAppDelegate.m */; };
		59C8894C19BD07F100447377 /* Main.storyboard in Resources */ = {isa = PBXBuildFile; fileRef = 59C8894A19BD07F100447377 /* Main.storyboard */; };
		59C8894F19BD07F100447377 /* NVViewController.m in Sources */ = {isa = PBXBuildFile; fileRef = 59C8894E19BD07F100447377 /* NVViewController.m */; };
		59C8895119BD07F100447377 /* Images.xcassets in Resources */ = {isa = PBXBuildFile; fileRef = 59C8895019BD07F100447377 /* Images.xcassets */; };
		59C8895819BD07F100447377 /* XCTest.framework in Frameworks */ = {isa = PBXBuildFile; fileRef = 59C8895719BD07F100447377 /* XCTest.framework */; };
		59C8895919BD07F100447377 /* Foundation.framework in Frameworks */ = {isa = PBXBuildFile; fileRef = 59C8893819BD07F100447377 /* Foundation.framework */; };
		59C8895A19BD07F100447377 /* UIKit.framework in Frameworks */ = {isa = PBXBuildFile; fileRef = 59C8893C19BD07F100447377 /* UIKit.framework */; };
		59C8896219BD07F100447377 /* InfoPlist.strings in Resources */ = {isa = PBXBuildFile; fileRef = 59C8896019BD07F100447377 /* InfoPlist.strings */; };
		59C8896419BD07F100447377 /* git_testTests.m in Sources */ = {isa = PBXBuildFile; fileRef = 59C8896319BD07F100447377 /* git_testTests.m */; };
/* End PBXBuildFile section */

/* Begin PBXContainerItemProxy section */
		59C8895B19BD07F100447377 /* PBXContainerItemProxy */ = {
			isa = PBXContainerItemProxy;
			containerPortal = 59C8892D19BD07F000447377 /* Project object */;
			proxyType = 1;
			remoteGlobalIDString = 59C8893419BD07F000447377;
			remoteInfo = "git test";
		};
/* End PBXContainerItemProxy section */

/* Begin PBXFileReference section */
		5912A5C119BD45E50045CA9F /* NVTest.h */ = {isa = PBXFileReference; fileEncoding = 4; lastKnownFileType = sourcecode.c.h; path = NVTest.h; sourceTree = "<group>"; };
		5912A5C219BD45E50045CA9F /* NVTest.m */ = {isa = PBXFileReference; fileEncoding = 4; lastKnownFileType = sourcecode.c.objc; path = NVTest.m; sourceTree = "<group>"; };
		59C8893519BD07F000447377 /* git test.app */ = {isa = PBXFileReference; explicitFileType = wrapper.application; includeInIndex = 0; path = "git test.app"; sourceTree = BUILT_PRODUCTS_DIR; };
		59C8893819BD07F100447377 /* Foundation.framework */ = {isa = PBXFileReference; lastKnownFileType = wrapper.framework; name = Foundation.framework; path = System/Library/Frameworks/Foundation.framework; sourceTree = SDKROOT; };
		59C8893A19BD07F100447377 /* CoreGraphics.framework */ = {isa = PBXFileReference; lastKnownFileType = wrapper.framework; name = CoreGraphics.framework; path = System/Library/Frameworks/CoreGraphics.framework; sourceTree = SDKROOT; };
		59C8893C19BD07F100447377 /* UIKit.framework */ = {isa = PBXFileReference; lastKnownFileType = wrapper.framework; name = UIKit.framework; path = System/Library/Frameworks/UIKit.framework; sourceTree = SDKROOT; };
		59C8894019BD07F100447377 /* git test-Info.plist */ = {isa = PBXFileReference; lastKnownFileType = text.plist.xml; path = "git test-Info.plist"; sourceTree = "<group>"; };
		59C8894219BD07F100447377 /* en */ = {isa = PBXFileReference; lastKnownFileType = text.plist.strings; name = en; path = en.lproj/InfoPlist.strings; sourceTree = "<group>"; };
		59C8894419BD07F100447377 /* main.m */ = {isa = PBXFileReference; lastKnownFileType = sourcecode.c.objc; path = main.m; sourceTree = "<group>"; };
		59C8894619BD07F100447377 /* git test-Prefix.pch */ = {isa = PBXFileReference; lastKnownFileType = sourcecode.c.h; path = "git test-Prefix.pch"; sourceTree = "<group>"; };
		59C8894719BD07F100447377 /* NVAppDelegate.h */ = {isa = PBXFileReference; lastKnownFileType = sourcecode.c.h; path = NVAppDelegate.h; sourceTree = "<group>"; };
		59C8894819BD07F100447377 /* NVAppDelegate.m */ = {isa = PBXFileReference; lastKnownFileType = sourcecode.c.objc; path = NVAppDelegate.m; sourceTree = "<group>"; };
		59C8894B19BD07F100447377 /* Base */ = {isa = PBXFileReference; lastKnownFileType = file.storyboard; name = Base; path = Base.lproj/Main.storyboard; sourceTree = "<group>"; };
		59C8894D19BD07F100447377 /* NVViewController.h */ = {isa = PBXFileReference; lastKnownFileType = sourcecode.c.h; path = NVViewController.h; sourceTree = "<group>"; };
		59C8894E19BD07F100447377 /* NVViewController.m */ = {isa = PBXFileReference; lastKnownFileType = sourcecode.c.objc; path = NVViewController.m; sourceTree = "<group>"; };
		59C8895019BD07F100447377 /* Images.xcassets */ = {isa = PBXFileReference; lastKnownFileType = folder.assetcatalog; path = Images.xcassets; sourceTree = "<group>"; };
		59C8895619BD07F100447377 /* git testTests.xctest */ = {isa = PBXFileReference; explicitFileType = wrapper.cfbundle; includeInIndex = 0; path = "git testTests.xctest"; sourceTree = BUILT_PRODUCTS_DIR; };
		59C8895719BD07F100447377 /* XCTest.framework */ = {isa = PBXFileReference; lastKnownFileType = wrapper.framework; name = XCTest.framework; path = Library/Frameworks/XCTest.framework; sourceTree = DEVELOPER_DIR; };
		59C8895F19BD07F100447377 /* git testTests-Info.plist */ = {isa = PBXFileReference; lastKnownFileType = text.plist.xml; path = "git testTests-Info.plist"; sourceTree = "<group>"; };
		59C8896119BD07F100447377 /* en */ = {isa = PBXFileReference; lastKnownFileType = text.plist.strings; name = en; path = en.lproj/InfoPlist.strings; sourceTree = "<group>"; };
		59C8896319BD07F100447377 /* git_testTests.m */ = {isa = PBXFileReference; lastKnownFileType = sourcecode.c.objc; path = git_testTests.m; sourceTree = "<group>"; };
/* End PBXFileReference section */

/* Begin PBXFrameworksBuildPhase section */
		59C8893219BD07F000447377 /* Frameworks */ = {
			isa = PBXFrameworksBuildPhase;
			buildActionMask = 2147483647;
			files = (
				59C8893B19BD07F100447377 /* CoreGraphics.framework in Frameworks */,
				59C8893D19BD07F100447377 /* UIKit.framework in Frameworks */,
				59C8893919BD07F100447377 /* Foundation.framework in Frameworks */,
			);
			runOnlyForDeploymentPostprocessing = 0;
		};
		59C8895319BD07F100447377 /* Frameworks */ = {
			isa = PBXFrameworksBuildPhase;
			buildActionMask = 2147483647;
			files = (
				59C8895819BD07F100447377 /* XCTest.framework in Frameworks */,
				59C8895A19BD07F100447377 /* UIKit.framework in Frameworks */,
				59C8895919BD07F100447377 /* Foundation.framework in Frameworks */,
			);
			runOnlyForDeploymentPostprocessing = 0;
		};
/* End PBXFrameworksBuildPhase section */

/* Begin PBXGroup section */
		59C8892C19BD07F000447377 = {
			isa = PBXGroup;
			children = (
				59C8893E19BD07F100447377 /* git test */,
				59C8895D19BD07F100447377 /* git testTests */,
				59C8893719BD07F000447377 /* Frameworks */,
				59C8893619BD07F000447377 /* Products */,
			);
			sourceTree = "<group>";
		};
		59C8893619BD07F000447377 /* Products */ = {
			isa = PBXGroup;
			children = (
				59C8893519BD07F000447377 /* git test.app */,
				59C8895619BD07F100447377 /* git testTests.xctest */,
			);
			name = Products;
			sourceTree = "<group>";
		};
		59C8893719BD07F000447377 /* Frameworks */ = {
			isa = PBXGroup;
			children = (
				59C8893819BD07F100447377 /* Foundation.framework */,
				59C8893A19BD07F100447377 /* CoreGraphics.framework */,
				59C8893C19BD07F100447377 /* UIKit.framework */,
				59C8895719BD07F100447377 /* XCTest.framework */,
			);
			name = Frameworks;
			sourceTree = "<group>";
		};
		59C8893E19BD07F100447377 /* git test */ = {
			isa = PBXGroup;
			children = (
				59C8894719BD07F100447377 /* NVAppDelegate.h */,
				5912A5C119BD45E50045CA9F /* NVTest.h */,
				5912A5C219BD45E50045CA9F /* NVTest.m */,
				59C8894819BD07F100447377 /* NVAppDelegate.m */,
				59C8894A19BD07F100447377 /* Main.storyboard */,
				59C8894D19BD07F100447377 /* NVViewController.h */,
				59C8894E19BD07F100447377 /* NVViewController.m */,
				59C8895019BD07F100447377 /* Images.xcassets */,
				59C8893F19BD07F100447377 /* Supporting Files */,
			);
			path = "git test";
			sourceTree = "<group>";
		};
		59C8893F19BD07F100447377 /* Supporting Files */ = {
			isa = PBXGroup;
			children = (
				59C8894019BD07F100447377 /* git test-Info.plist */,
				59C8894119BD07F100447377 /* InfoPlist.strings */,
				59C8894419BD07F100447377 /* main.m */,
				59C8894619BD07F100447377 /* git test-Prefix.pch */,
			);
			name = "Supporting Files";
			sourceTree = "<group>";
		};
		59C8895D19BD07F100447377 /* git testTests */ = {
			isa = PBXGroup;
			children = (
				59C8896319BD07F100447377 /* git_testTests.m */,
				59C8895E19BD07F100447377 /* Supporting Files */,
			);
			path = "git testTests";
			sourceTree = "<group>";
		};
		59C8895E19BD07F100447377 /* Supporting Files */ = {
			isa = PBXGroup;
			children = (
				59C8895F19BD07F100447377 /* git testTests-Info.plist */,
				59C8896019BD07F100447377 /* InfoPlist.strings */,
			);
			name = "Supporting Files";
			sourceTree = "<group>";
		};
/* End PBXGroup section */

/* Begin PBXNativeTarget section */
		59C8893419BD07F000447377 /* git test */ = {
			isa = PBXNativeTarget;
			buildConfigurationList = 59C8896719BD07F100447377 /* Build configuration list for PBXNativeTarget "git test" */;
			buildPhases = (
				59C8893119BD07F000447377 /* Sources */,
				59C8893219BD07F000447377 /* Frameworks */,
				59C8893319BD07F000447377 /* Resources */,
			);
			buildRules = (
			);
			dependencies = (
			);
			name = "git test";
			productName = "git test";
			productReference = 59C8893519BD07F000447377 /* git test.app */;
			productType = "com.apple.product-type.application";
		};
		59C8895519BD07F100447377 /* git testTests */ = {
			isa = PBXNativeTarget;
			buildConfigurationList = 59C8896A19BD07F100447377 /* Build configuration list for PBXNativeTarget "git testTests" */;
			buildPhases = (
				59C8895219BD07F100447377 /* Sources */,
				59C8895319BD07F100447377 /* Frameworks */,
				59C8895419BD07F100447377 /* Resources */,
			);
			buildRules = (
			);
			dependencies = (
				59C8895C19BD07F100447377 /* PBXTargetDependency */,
			);
			name = "git testTests";
			productName = "git testTests";
			productReference = 59C8895619BD07F100447377 /* git testTests.xctest */;
			productType = "com.apple.product-type.bundle.unit-test";
		};
/* End PBXNativeTarget section */

/* Begin PBXProject section */
		59C8892D19BD07F000447377 /* Project object */ = {
			isa = PBXProject;
			attributes = {
				CLASSPREFIX = NV;
				LastUpgradeCheck = 0510;
				ORGANIZATIONNAME = "Nick Vinyard";
				TargetAttributes = {
					59C8895519BD07F100447377 = {
						TestTargetID = 59C8893419BD07F000447377;
					};
				};
			};
			buildConfigurationList = 59C8893019BD07F000447377 /* Build configuration list for PBXProject "git test" */;
			compatibilityVersion = "Xcode 3.2";
			developmentRegion = English;
			hasScannedForEncodings = 0;
			knownRegions = (
				en,
				Base,
			);
			mainGroup = 59C8892C19BD07F000447377;
			productRefGroup = 59C8893619BD07F000447377 /* Products */;
			projectDirPath = "";
			projectRoot = "";
			targets = (
				59C8893419BD07F000447377 /* git test */,
				59C8895519BD07F100447377 /* git testTests */,
			);
		};
/* End PBXProject section */

/* Begin PBXResourcesBuildPhase section */
		59C8893319BD07F000447377 /* Resources */ = {
			isa = PBXResourcesBuildPhase;
			buildActionMask = 2147483647;
			files = (
				59C8895119BD07F100447377 /* Images.xcassets in Resources */,
				59C8894319BD07F100447377 /* InfoPlist.strings in Resources */,
				59C8894C19BD07F100447377 /* Main.storyboard in Resources */,
			);
			runOnlyForDeploymentPostprocessing = 0;
		};
		59C8895419BD07F100447377 /* Resources */ = {
			isa = PBXResourcesBuildPhase;
			buildActionMask = 2147483647;
			files = (
				59C8896219BD07F100447377 /* InfoPlist.strings in Resources */,
			);
			runOnlyForDeploymentPostprocessing = 0;
		};
/* End PBXResourcesBuildPhase section */

/* Begin PBXSourcesBuildPhase section */
		59C8893119BD07F000447377 /* Sources */ = {
			isa = PBXSourcesBuildPhase;
			buildActionMask = 2147483647;
			files = (
				59C8894F19BD07F100447377 /* NVViewController.m in Sources */,
				59C8894919BD07F100447377 /* NVAppDelegate.m in Sources */,
				59C8894519BD07F100447377 /* main.m in Sources */,
				5912A5C319BD45E50045CA9F /* NVTest.m in Sources */,
			);
			runOnlyForDeploymentPostprocessing = 0;
		};
		59C8895219BD07F100447377 /* Sources */ = {
			isa = PBXSourcesBuildPhase;
			buildActionMask = 2147483647;
			files = (
				59C8896419BD07F100447377 /* git_testTests.m in Sources */,
			);
			runOnlyForDeploymentPostprocessing = 0;
		};
/* End PBXSourcesBuildPhase section */

/* Begin PBXTargetDependency section */
		59C8895C19BD07F100447377 /* PBXTargetDependency */ = {
			isa = PBXTargetDependency;
			target = 59C8893419BD07F000447377 /* git test */;
			targetProxy = 59C8895B19BD07F100447377 /* PBXContainerItemProxy */;
		};
/* End PBXTargetDependency section */

/* Begin PBXVariantGroup section */
		59C8894119BD07F100447377 /* InfoPlist.strings */ = {
			isa = PBXVariantGroup;
			children = (
				59C8894219BD07F100447377 /* en */,
			);
			name = InfoPlist.strings;
			sourceTree = "<group>";
		};
		59C8894A19BD07F100447377 /* Main.storyboard */ = {
			isa = PBXVariantGroup;
			children = (
				59C8894B19BD07F100447377 /* Base */,
			);
			name = Main.storyboard;
			sourceTree = "<group>";
		};
		59C8896019BD07F100447377 /* InfoPlist.strings */ = {
			isa = PBXVariantGroup;
			children = (
				59C8896119BD07F100447377 /* en */,
			);
			name = InfoPlist.strings;
			sourceTree = "<group>";
		};
/* End PBXVariantGroup section */

/* Begin XCBuildConfiguration section */
		59C8896519BD07F100447377 /* Debug */ = {
			isa = XCBuildConfiguration;
			buildSettings = {
				ALWAYS_SEARCH_USER_PATHS = NO;
				CLANG_CXX_LANGUAGE_STANDARD = "gnu++0x";
				CLANG_CXX_LIBRARY = "libc++";
				CLANG_ENABLE_MODULES = YES;
				CLANG_ENABLE_OBJC_ARC = YES;
				CLANG_WARN_BOOL_CONVERSION = YES;
				CLANG_WARN_CONSTANT_CONVERSION = YES;
				CLANG_WARN_DIRECT_OBJC_ISA_USAGE = YES_ERROR;
				CLANG_WARN_EMPTY_BODY = YES;
				CLANG_WARN_ENUM_CONVERSION = YES;
				CLANG_WARN_INT_CONVERSION = YES;
				CLANG_WARN_OBJC_ROOT_CLASS = YES_ERROR;
				CLANG_WARN__DUPLICATE_METHOD_MATCH = YES;
				"CODE_SIGN_IDENTITY[sdk=iphoneos*]" = "iPhone Developer";
				COPY_PHASE_STRIP = NO;
				GCC_C_LANGUAGE_STANDARD = gnu99;
				GCC_DYNAMIC_NO_PIC = NO;
				GCC_OPTIMIZATION_LEVEL = 0;
				GCC_PREPROCESSOR_DEFINITIONS = (
					"DEBUG=1",
					"$(inherited)",
				);
				GCC_SYMBOLS_PRIVATE_EXTERN = NO;
				GCC_WARN_64_TO_32_BIT_CONVERSION = YES;
				GCC_WARN_ABOUT_RETURN_TYPE = YES_ERROR;
				GCC_WARN_UNDECLARED_SELECTOR = YES;
				GCC_WARN_UNINITIALIZED_AUTOS = YES_AGGRESSIVE;
				GCC_WARN_UNUSED_FUNCTION = YES;
				GCC_WARN_UNUSED_VARIABLE = YES;
				IPHONEOS_DEPLOYMENT_TARGET = 7.1;
				ONLY_ACTIVE_ARCH = YES;
				SDKROOT = iphoneos;
			};
			name = Debug;
		};
		59C8896619BD07F100447377 /* Release */ = {
			isa = XCBuildConfiguration;
			buildSettings = {
				ALWAYS_SEARCH_USER_PATHS = NO;
				CLANG_CXX_LANGUAGE_STANDARD = "gnu++0x";
				CLANG_CXX_LIBRARY = "libc++";
				CLANG_ENABLE_MODULES = YES;
				CLANG_ENABLE_OBJC_ARC = YES;
				CLANG_WARN_BOOL_CONVERSION = YES;
				CLANG_WARN_CONSTANT_CONVERSION = YES;
				CLANG_WARN_DIRECT_OBJC_ISA_USAGE = YES_ERROR;
				CLANG_WARN_EMPTY_BODY = YES;
				CLANG_WARN_ENUM_CONVERSION = YES;
				CLANG_WARN_INT_CONVERSION = YES;
				CLANG_WARN_OBJC_ROOT_CLASS = YES_ERROR;
				CLANG_WARN__DUPLICATE_METHOD_MATCH = YES;
				"CODE_SIGN_IDENTITY[sdk=iphoneos*]" = "iPhone Developer";
				COPY_PHASE_STRIP = YES;
				ENABLE_NS_ASSERTIONS = NO;
				GCC_C_LANGUAGE_STANDARD = gnu99;
				GCC_WARN_64_TO_32_BIT_CONVERSION = YES;
				GCC_WARN_ABOUT_RETURN_TYPE = YES_ERROR;
				GCC_WARN_UNDECLARED_SELECTOR = YES;
				GCC_WARN_UNINITIALIZED_AUTOS = YES_AGGRESSIVE;
				GCC_WARN_UNUSED_FUNCTION = YES;
				GCC_WARN_UNUSED_VARIABLE = YES;
				IPHONEOS_DEPLOYMENT_TARGET = 7.1;
				SDKROOT = iphoneos;
				VALIDATE_PRODUCT = YES;
			};
			name = Release;
		};
		59C8896819BD07F100447377 /* Debug */ = {
			isa = XCBuildConfiguration;
			buildSettings = {
				ASSETCATALOG_COMPILER_APPICON_NAME = AppIcon;
				ASSETCATALOG_COMPILER_LAUNCHIMAGE_NAME = LaunchImage;
				GCC_PRECOMPILE_PREFIX_HEADER = YES;
				GCC_PREFIX_HEADER = "git test/git test-Prefix.pch";
				INFOPLIST_FILE = "git test/git test-Info.plist";
				PRODUCT_NAME = "$(TARGET_NAME)";
				WRAPPER_EXTENSION = app;
			};
			name = Debug;
		};
		59C8896919BD07F100447377 /* Release */ = {
			isa = XCBuildConfiguration;
			buildSettings = {
				ASSETCATALOG_COMPILER_APPICON_NAME = AppIcon;
				ASSETCATALOG_COMPILER_LAUNCHIMAGE_NAME = LaunchImage;
				GCC_PRECOMPILE_PREFIX_HEADER = YES;
				GCC_PREFIX_HEADER = "git test/git test-Prefix.pch";
				INFOPLIST_FILE = "git test/git test-Info.plist";
				PRODUCT_NAME = "$(TARGET_NAME)";
				WRAPPER_EXTENSION = app;
			};
			name = Release;
		};
		59C8896B19BD07F100447377 /* Debug */ = {
			isa = XCBuildConfiguration;
			buildSettings = {
				BUNDLE_LOADER = "$(BUILT_PRODUCTS_DIR)/git test.app/git test";
				FRAMEWORK_SEARCH_PATHS = (
					"$(SDKROOT)/Developer/Library/Frameworks",
					"$(inherited)",
					"$(DEVELOPER_FRAMEWORKS_DIR)",
				);
				GCC_PRECOMPILE_PREFIX_HEADER = YES;
				GCC_PREFIX_HEADER = "git test/git test-Prefix.pch";
				GCC_PREPROCESSOR_DEFINITIONS = (
					"DEBUG=1",
					"$(inherited)",
				);
				INFOPLIST_FILE = "git testTests/git testTests-Info.plist";
				PRODUCT_NAME = "$(TARGET_NAME)";
				TEST_HOST = "$(BUNDLE_LOADER)";
				WRAPPER_EXTENSION = xctest;
			};
			name = Debug;
		};
		59C8896C19BD07F100447377 /* Release */ = {
			isa = XCBuildConfiguration;
			buildSettings = {
				BUNDLE_LOADER = "$(BUILT_PRODUCTS_DIR)/git test.app/git test";
				FRAMEWORK_SEARCH_PATHS = (
					"$(SDKROOT)/Developer/Library/Frameworks",
					"$(inherited)",
					"$(DEVELOPER_FRAMEWORKS_DIR)",
				);
				GCC_PRECOMPILE_PREFIX_HEADER = YES;
				GCC_PREFIX_HEADER = "git test/git test-Prefix.pch";
				INFOPLIST_FILE = "git testTests/git testTests-Info.plist";
				PRODUCT_NAME = "$(TARGET_NAME)";
				TEST_HOST = "$(BUNDLE_LOADER)";
				WRAPPER_EXTENSION = xctest;
			};
			name = Release;
		};
/* End XCBuildConfiguration section */

/* Begin XCConfigurationList section */
		59C8893019BD07F000447377 /* Build configuration list for PBXProject "git test" */ = {
			isa = XCConfigurationList;
			buildConfigurations = (
				59C8896519BD07F100447377 /* Debug */,
				59C8896619BD07F100447377 /* Release */,
			);
			defaultConfigurationIsVisible = 0;
			defaultConfigurationName = Release;
		};
		59C8896719BD07F100447377 /* Build configuration list for PBXNativeTarget "git test" */ = {
			isa = XCConfigurationList;
			buildConfigurations = (
				59C8896819BD07F100447377 /* Debug */,
				59C8896919BD07F100447377 /* Release */,
			);
			defaultConfigurationIsVisible = 0;
			defaultConfigurationName = Release;
		};
		59C8896A19BD07F100447377 /* Build configuration list for PBXNativeTarget "git testTests" */ = {
			isa = XCConfigurationList;
			buildConfigurations = (
				59C8896B19BD07F100447377 /* Debug */,
				59C8896C19BD07F100447377 /* Release */,
			);
			defaultConfigurationIsVisible = 0;
			defaultConfigurationName = Release;
		};
/* End XCConfigurationList section */
	};
	rootObject = 59C8892D19BD07F000447377 /* Project object */;
}
